
Microsoft Visual Studio Solution File, Format Version 12.00
# Visual Studio Version 17
VisualStudioVersion = 17.14.36121.58 d17.14
MinimumVisualStudioVersion = 10.0.40219.1
Project("{FAE04EC0-301F-11D3-BF4B-00C04F79EFBC}") = "ProductMS", "ProductMS\ProductMS.csproj", "{B28D3EDB-8163-4873-923A-6604C2153A6A}"
EndProject
Project("{FAE04EC0-301F-11D3-BF4B-00C04F79EFBC}") = "ProductMS.Application", "ProductMS.Application\ProductMS.Application.csproj", "{78814E43-53CD-4E51-9317-43B5B10E047C}"
EndProject
Project("{FAE04EC0-301F-11D3-BF4B-00C04F79EFBC}") = "ProductMS.Commons", "ProductMS.Commons\ProductMS.Commons.csproj", "{0C0C0E13-7212-4BBE-96A1-04B57184281E}"
EndProject
Project("{FAE04EC0-301F-11D3-BF4B-00C04F79EFBC}") = "ProductMS.Core", "ProductMS.Core\ProductMS.Core.csproj", "{F2E5D567-1D9F-49C8-B793-7EEA3D7B8D24}"
EndProject
Project("{FAE04EC0-301F-11D3-BF4B-00C04F79EFBC}") = "ProductMS.Domain", "ProductMS.Domain\ProductMS.Domain.csproj", "{07751088-6643-4E47-B7A2-E23B4A7D3C77}"
EndProject
Project("{FAE04EC0-301F-11D3-BF4B-00C04F79EFBC}") = "ProductMS.Infrastructure", "ProductMS.Infrastructure\ProductMS.Infrastructure.csproj", "{F762DA1E-44B4-40A2-8683-24DBB6A7DE8F}"
EndProject
Project("{FAE04EC0-301F-11D3-BF4B-00C04F79EFBC}") = "ProductMS.Test", "ProductMS.Test\ProductMS.Test.csproj", "{133AF03E-3291-47FD-95C9-36D30DD79E06}"
EndProject
Project("{E53339B2-1760-4266-BCC7-CA923CBCF16C}") = "docker-compose", "docker-compose.dcproj", "{81DDED9D-158B-E303-5F62-77A2896D2A5A}"
EndProject
Global
	GlobalSection(SolutionConfigurationPlatforms) = preSolution
		Debug|Any CPU = Debug|Any CPU
		Release|Any CPU = Release|Any CPU
	EndGlobalSection
	GlobalSection(ProjectConfigurationPlatforms) = postSolution
		{B28D3EDB-8163-4873-923A-6604C2153A6A}.Debug|Any CPU.ActiveCfg = Debug|Any CPU
		{B28D3EDB-8163-4873-923A-6604C2153A6A}.Debug|Any CPU.Build.0 = Debug|Any CPU
		{B28D3EDB-8163-4873-923A-6604C2153A6A}.Release|Any CPU.ActiveCfg = Release|Any CPU
		{B28D3EDB-8163-4873-923A-6604C2153A6A}.Release|Any CPU.Build.0 = Release|Any CPU
		{78814E43-53CD-4E51-9317-43B5B10E047C}.Debug|Any CPU.ActiveCfg = Debug|Any CPU
		{78814E43-53CD-4E51-9317-43B5B10E047C}.Debug|Any CPU.Build.0 = Debug|Any CPU
		{78814E43-53CD-4E51-9317-43B5B10E047C}.Release|Any CPU.ActiveCfg = Release|Any CPU
		{78814E43-53CD-4E51-9317-43B5B10E047C}.Release|Any CPU.Build.0 = Release|Any CPU
		{0C0C0E13-7212-4BBE-96A1-04B57184281E}.Debug|Any CPU.ActiveCfg = Debug|Any CPU
		{0C0C0E13-7212-4BBE-96A1-04B57184281E}.Debug|Any CPU.Build.0 = Debug|Any CPU
		{0C0C0E13-7212-4BBE-96A1-04B57184281E}.Release|Any CPU.ActiveCfg = Release|Any CPU
		{0C0C0E13-7212-4BBE-96A1-04B57184281E}.Release|Any CPU.Build.0 = Release|Any CPU
		{F2E5D567-1D9F-49C8-B793-7EEA3D7B8D24}.Debug|Any CPU.ActiveCfg = Debug|Any CPU
		{F2E5D567-1D9F-49C8-B793-7EEA3D7B8D24}.Debug|Any CPU.Build.0 = Debug|Any CPU
		{F2E5D567-1D9F-49C8-B793-7EEA3D7B8D24}.Release|Any CPU.ActiveCfg = Release|Any CPU
		{F2E5D567-1D9F-49C8-B793-7EEA3D7B8D24}.Release|Any CPU.Build.0 = Release|Any CPU
		{07751088-6643-4E47-B7A2-E23B4A7D3C77}.Debug|Any CPU.ActiveCfg = Debug|Any CPU
		{07751088-6643-4E47-B7A2-E23B4A7D3C77}.Debug|Any CPU.Build.0 = Debug|Any CPU
		{07751088-6643-4E47-B7A2-E23B4A7D3C77}.Release|Any CPU.ActiveCfg = Release|Any CPU
		{07751088-6643-4E47-B7A2-E23B4A7D3C77}.Release|Any CPU.Build.0 = Release|Any CPU
		{F762DA1E-44B4-40A2-8683-24DBB6A7DE8F}.Debug|Any CPU.ActiveCfg = Debug|Any CPU
		{F762DA1E-44B4-40A2-8683-24DBB6A7DE8F}.Debug|Any CPU.Build.0 = Debug|Any CPU
		{F762DA1E-44B4-40A2-8683-24DBB6A7DE8F}.Release|Any CPU.ActiveCfg = Release|Any CPU
		{F762DA1E-44B4-40A2-8683-24DBB6A7DE8F}.Release|Any CPU.Build.0 = Release|Any CPU
		{133AF03E-3291-47FD-95C9-36D30DD79E06}.Debug|Any CPU.ActiveCfg = Debug|Any CPU
		{133AF03E-3291-47FD-95C9-36D30DD79E06}.Debug|Any CPU.Build.0 = Debug|Any CPU
		{133AF03E-3291-47FD-95C9-36D30DD79E06}.Release|Any CPU.ActiveCfg = Release|Any CPU
		{133AF03E-3291-47FD-95C9-36D30DD79E06}.Release|Any CPU.Build.0 = Release|Any CPU
		{81DDED9D-158B-E303-5F62-77A2896D2A5A}.Debug|Any CPU.ActiveCfg = Debug|Any CPU
		{81DDED9D-158B-E303-5F62-77A2896D2A5A}.Debug|Any CPU.Build.0 = Debug|Any CPU
		{81DDED9D-158B-E303-5F62-77A2896D2A5A}.Release|Any CPU.ActiveCfg = Release|Any CPU
		{81DDED9D-158B-E303-5F62-77A2896D2A5A}.Release|Any CPU.Build.0 = Release|Any CPU
	EndGlobalSection
	GlobalSection(SolutionProperties) = preSolution
		HideSolutionNode = FALSE
	EndGlobalSection
	GlobalSection(ExtensibilityGlobals) = postSolution
		SolutionGuid = {BEF6CA2C-C38B-40AF-A593-35182B5E53B2}
	EndGlobalSection
EndGlobal
